
Microsoft Visual Studio Solution File, Format Version 12.00
# Visual Studio Version 17
VisualStudioVersion = 17.4.33213.308
MinimumVisualStudioVersion = 10.0.40219.1
Project("{9A19103F-16F7-4668-BE54-9A1E7A4F7556}") = "WhataDae' Wine App", "WhataDae' Wine App.csproj", "{B318232A-F4FD-4147-A48A-44AA07A8AF6B}"
EndProject
Global
	GlobalSection(SolutionConfigurationPlatforms) = preSolution
		Debug|Any CPU = Debug|Any CPU
		Release|Any CPU = Release|Any CPU
	EndGlobalSection
	GlobalSection(ProjectConfigurationPlatforms) = postSolution
		{B318232A-F4FD-4147-A48A-44AA07A8AF6B}.Debug|Any CPU.ActiveCfg = Debug|Any CPU
		{B318232A-F4FD-4147-A48A-44AA07A8AF6B}.Debug|Any CPU.Build.0 = Debug|Any CPU
		{B318232A-F4FD-4147-A48A-44AA07A8AF6B}.Release|Any CPU.ActiveCfg = Release|Any CPU
		{B318232A-F4FD-4147-A48A-44AA07A8AF6B}.Release|Any CPU.Build.0 = Release|Any CPU
	EndGlobalSection
	GlobalSection(SolutionProperties) = preSolution
		HideSolutionNode = FALSE
	EndGlobalSection
	GlobalSection(ExtensibilityGlobals) = postSolution
		SolutionGuid = {40155C40-FA14-4E03-84CB-BD483207C34C}
	EndGlobalSection
EndGlobal
